
Microsoft Visual Studio Solution File, Format Version 12.00
# Visual Studio 2012
Project("{FAE04EC0-301F-11D3-BF4B-00C04F79EFBC}") = "Ex01SquareRoot", "Ex01SquareRoot\Ex01SquareRoot.csproj", "{2CB53C3D-17AD-416B-97A5-B400209FAC09}"
EndProject
Project("{FAE04EC0-301F-11D3-BF4B-00C04F79EFBC}") = "Ex02StartEndMethod", "Ex02StartEndMethod\Ex02StartEndMethod.csproj", "{03D269AD-9BAE-44FC-BEAD-60FEE8E0D449}"
EndProject
Project("{FAE04EC0-301F-11D3-BF4B-00C04F79EFBC}") = "Ex03ReadingFile", "Ex03ReadingFile\Ex03ReadingFile.csproj", "{82BEA69F-6BB3-46A2-ACB0-E3661C3E05F6}"
EndProject
Project("{FAE04EC0-301F-11D3-BF4B-00C04F79EFBC}") = "Ex04Download", "Ex04Download\Ex04Download.csproj", "{2B0C81F3-4189-4426-938A-F637CF5AD80E}"
EndProject
Global
	GlobalSection(SolutionConfigurationPlatforms) = preSolution
		Debug|Any CPU = Debug|Any CPU
		Release|Any CPU = Release|Any CPU
	EndGlobalSection
	GlobalSection(ProjectConfigurationPlatforms) = postSolution
		{2CB53C3D-17AD-416B-97A5-B400209FAC09}.Debug|Any CPU.ActiveCfg = Debug|Any CPU
		{2CB53C3D-17AD-416B-97A5-B400209FAC09}.Debug|Any CPU.Build.0 = Debug|Any CPU
		{2CB53C3D-17AD-416B-97A5-B400209FAC09}.Release|Any CPU.ActiveCfg = Release|Any CPU
		{2CB53C3D-17AD-416B-97A5-B400209FAC09}.Release|Any CPU.Build.0 = Release|Any CPU
		{03D269AD-9BAE-44FC-BEAD-60FEE8E0D449}.Debug|Any CPU.ActiveCfg = Debug|Any CPU
		{03D269AD-9BAE-44FC-BEAD-60FEE8E0D449}.Debug|Any CPU.Build.0 = Debug|Any CPU
		{03D269AD-9BAE-44FC-BEAD-60FEE8E0D449}.Release|Any CPU.ActiveCfg = Release|Any CPU
		{03D269AD-9BAE-44FC-BEAD-60FEE8E0D449}.Release|Any CPU.Build.0 = Release|Any CPU
		{82BEA69F-6BB3-46A2-ACB0-E3661C3E05F6}.Debug|Any CPU.ActiveCfg = Debug|Any CPU
		{82BEA69F-6BB3-46A2-ACB0-E3661C3E05F6}.Debug|Any CPU.Build.0 = Debug|Any CPU
		{82BEA69F-6BB3-46A2-ACB0-E3661C3E05F6}.Release|Any CPU.ActiveCfg = Release|Any CPU
		{82BEA69F-6BB3-46A2-ACB0-E3661C3E05F6}.Release|Any CPU.Build.0 = Release|Any CPU
		{2B0C81F3-4189-4426-938A-F637CF5AD80E}.Debug|Any CPU.ActiveCfg = Debug|Any CPU
		{2B0C81F3-4189-4426-938A-F637CF5AD80E}.Debug|Any CPU.Build.0 = Debug|Any CPU
		{2B0C81F3-4189-4426-938A-F637CF5AD80E}.Release|Any CPU.ActiveCfg = Release|Any CPU
		{2B0C81F3-4189-4426-938A-F637CF5AD80E}.Release|Any CPU.Build.0 = Release|Any CPU
	EndGlobalSection
	GlobalSection(SolutionProperties) = preSolution
		HideSolutionNode = FALSE
	EndGlobalSection
EndGlobal
