
Microsoft Visual Studio Solution File, Format Version 12.00
# Visual Studio 2012
Project("{FAE04EC0-301F-11D3-BF4B-00C04F79EFBC}") = "Ex01AboutStrings", "Ex01AboutStrings\Ex01AboutStrings.csproj", "{239400E2-53C5-48E4-8CAC-A85E8F942050}"
EndProject
Project("{FAE04EC0-301F-11D3-BF4B-00C04F79EFBC}") = "Ex02ReverseString", "Ex02ReverseString\Ex02ReverseString.csproj", "{3CD1E83B-0920-4E8E-9B56-F3FD3E2ECC2C}"
EndProject
Project("{FAE04EC0-301F-11D3-BF4B-00C04F79EFBC}") = "Ex03CorrectBrackets", "Ex03CorrectBrackets\Ex03CorrectBrackets.csproj", "{6FF4AB29-A220-4A62-A54A-F54D7B6D6E76}"
EndProject
Project("{FAE04EC0-301F-11D3-BF4B-00C04F79EFBC}") = "Ex04CountSubstring", "Ex04CountSubstring\Ex04CountSubstring.csproj", "{DA036725-25D3-42A2-8605-0EBCC50A44EC}"
EndProject
Project("{FAE04EC0-301F-11D3-BF4B-00C04F79EFBC}") = "Ex05UpcaseTags", "Ex05UpcaseTags\Ex05UpcaseTags.csproj", "{DD19927C-57B6-4432-9277-86FC76C94EFD}"
EndProject
Project("{FAE04EC0-301F-11D3-BF4B-00C04F79EFBC}") = "Ex06AddStars", "Ex06AddStars\Ex06AddStars.csproj", "{72414FE3-7420-4CB3-A0FC-28531CFD32C0}"
EndProject
Project("{FAE04EC0-301F-11D3-BF4B-00C04F79EFBC}") = "Ex07CodeDecode", "Ex07CodeDecode\Ex07CodeDecode.csproj", "{7EFFE3E5-1D3C-4B39-A808-CEE764EB883D}"
EndProject
Project("{FAE04EC0-301F-11D3-BF4B-00C04F79EFBC}") = "Ex08ExtractSentences", "Ex08ExtractSentences\Ex08ExtractSentences.csproj", "{7DD07A46-3204-4744-B933-91455FE9AD70}"
EndProject
Project("{FAE04EC0-301F-11D3-BF4B-00C04F79EFBC}") = "Ex09ForbiddenWords", "Ex09ForbiddenWords\Ex09ForbiddenWords.csproj", "{76ECC532-1C2B-4F64-93B2-5D7AA386E29D}"
EndProject
Project("{FAE04EC0-301F-11D3-BF4B-00C04F79EFBC}") = "Ex10StringToUnicode", "Ex10StringToUnicode\Ex10StringToUnicode.csproj", "{321B529C-DC4B-4588-8894-F678A58260F2}"
EndProject
Project("{FAE04EC0-301F-11D3-BF4B-00C04F79EFBC}") = "Ex11NumberRepresentation", "Ex11NumberRepresentation\Ex11NumberRepresentation.csproj", "{91B360B7-0301-4E7F-8BE7-A5EB2F70BD2B}"
EndProject
Project("{FAE04EC0-301F-11D3-BF4B-00C04F79EFBC}") = "Ex12URLAdress", "Ex12URLAdress\Ex12URLAdress.csproj", "{40D4DE88-DBD6-46E2-8BD4-97ACAEAE826D}"
EndProject
Project("{FAE04EC0-301F-11D3-BF4B-00C04F79EFBC}") = "Ex13ReverseWords", "Ex13ReverseWords\Ex13ReverseWords.csproj", "{3F931C49-C903-4359-89CF-0E98933FB751}"
EndProject
Project("{FAE04EC0-301F-11D3-BF4B-00C04F79EFBC}") = "Ex14Dictionary", "Ex14Dictionary\Ex14Dictionary.csproj", "{6B3D1C63-8FF3-40D2-B970-8476A064A9FA}"
EndProject
Project("{FAE04EC0-301F-11D3-BF4B-00C04F79EFBC}") = "Ex15HTMLDoc", "Ex15HTMLDoc\Ex15HTMLDoc.csproj", "{595EA766-B4E3-4944-A538-710FDFBB4A92}"
EndProject
Project("{FAE04EC0-301F-11D3-BF4B-00C04F79EFBC}") = "Ex16Days", "Ex16Days\Ex16Days.csproj", "{A5D3E3B7-2601-40A8-87C7-E2D093551B3A}"
EndProject
Project("{FAE04EC0-301F-11D3-BF4B-00C04F79EFBC}") = "Ex17TimeAfterHours", "Ex17TimeAfterHours\Ex17TimeAfterHours.csproj", "{0E109B1A-9757-4349-90DD-AC7A195635DD}"
EndProject
Project("{FAE04EC0-301F-11D3-BF4B-00C04F79EFBC}") = "Ex18ExtractEmails", "Ex18ExtractEmails\Ex18ExtractEmails.csproj", "{DC000CB4-D818-4F3A-BFE6-5597373B0380}"
EndProject
Project("{FAE04EC0-301F-11D3-BF4B-00C04F79EFBC}") = "Ex19DateCanada", "Ex19DateCanada\Ex19DateCanada.csproj", "{A2E4BD3F-A3CA-4E24-9A33-295DEDAE09D8}"
EndProject
Project("{FAE04EC0-301F-11D3-BF4B-00C04F79EFBC}") = "Ex20Palindrom", "Ex20Palindrom\Ex20Palindrom.csproj", "{CA886355-F00D-4410-9D00-60101984328B}"
EndProject
Project("{FAE04EC0-301F-11D3-BF4B-00C04F79EFBC}") = "Ex21CountLetters", "Ex21CountLetters\Ex21CountLetters.csproj", "{833C4F7D-B713-4F34-A1FF-3C2754615598}"
EndProject
Project("{FAE04EC0-301F-11D3-BF4B-00C04F79EFBC}") = "Ex22CountWords", "Ex22CountWords\Ex22CountWords.csproj", "{E38BE715-3143-4244-9B41-54F05CA583ED}"
EndProject
Project("{FAE04EC0-301F-11D3-BF4B-00C04F79EFBC}") = "Ex23ReplaceLetters", "Ex23ReplaceLetters\Ex23ReplaceLetters.csproj", "{25EF450B-8749-4270-AEA7-F0F2A1BBBB02}"
EndProject
Project("{FAE04EC0-301F-11D3-BF4B-00C04F79EFBC}") = "Ex24SortWords", "Ex24SortWords\Ex24SortWords.csproj", "{A80F46FB-BC2A-4BC5-A690-E7D6291A3008}"
EndProject
Project("{FAE04EC0-301F-11D3-BF4B-00C04F79EFBC}") = "Ex25TextFromHTML", "Ex25TextFromHTML\Ex25TextFromHTML.csproj", "{F8E672FE-7DFF-4913-94E2-0308E5181B50}"
EndProject
Global
	GlobalSection(SolutionConfigurationPlatforms) = preSolution
		Debug|Any CPU = Debug|Any CPU
		Release|Any CPU = Release|Any CPU
	EndGlobalSection
	GlobalSection(ProjectConfigurationPlatforms) = postSolution
		{239400E2-53C5-48E4-8CAC-A85E8F942050}.Debug|Any CPU.ActiveCfg = Debug|Any CPU
		{239400E2-53C5-48E4-8CAC-A85E8F942050}.Debug|Any CPU.Build.0 = Debug|Any CPU
		{239400E2-53C5-48E4-8CAC-A85E8F942050}.Release|Any CPU.ActiveCfg = Release|Any CPU
		{239400E2-53C5-48E4-8CAC-A85E8F942050}.Release|Any CPU.Build.0 = Release|Any CPU
		{3CD1E83B-0920-4E8E-9B56-F3FD3E2ECC2C}.Debug|Any CPU.ActiveCfg = Debug|Any CPU
		{3CD1E83B-0920-4E8E-9B56-F3FD3E2ECC2C}.Debug|Any CPU.Build.0 = Debug|Any CPU
		{3CD1E83B-0920-4E8E-9B56-F3FD3E2ECC2C}.Release|Any CPU.ActiveCfg = Release|Any CPU
		{3CD1E83B-0920-4E8E-9B56-F3FD3E2ECC2C}.Release|Any CPU.Build.0 = Release|Any CPU
		{6FF4AB29-A220-4A62-A54A-F54D7B6D6E76}.Debug|Any CPU.ActiveCfg = Debug|Any CPU
		{6FF4AB29-A220-4A62-A54A-F54D7B6D6E76}.Debug|Any CPU.Build.0 = Debug|Any CPU
		{6FF4AB29-A220-4A62-A54A-F54D7B6D6E76}.Release|Any CPU.ActiveCfg = Release|Any CPU
		{6FF4AB29-A220-4A62-A54A-F54D7B6D6E76}.Release|Any CPU.Build.0 = Release|Any CPU
		{DA036725-25D3-42A2-8605-0EBCC50A44EC}.Debug|Any CPU.ActiveCfg = Debug|Any CPU
		{DA036725-25D3-42A2-8605-0EBCC50A44EC}.Debug|Any CPU.Build.0 = Debug|Any CPU
		{DA036725-25D3-42A2-8605-0EBCC50A44EC}.Release|Any CPU.ActiveCfg = Release|Any CPU
		{DA036725-25D3-42A2-8605-0EBCC50A44EC}.Release|Any CPU.Build.0 = Release|Any CPU
		{DD19927C-57B6-4432-9277-86FC76C94EFD}.Debug|Any CPU.ActiveCfg = Debug|Any CPU
		{DD19927C-57B6-4432-9277-86FC76C94EFD}.Debug|Any CPU.Build.0 = Debug|Any CPU
		{DD19927C-57B6-4432-9277-86FC76C94EFD}.Release|Any CPU.ActiveCfg = Release|Any CPU
		{DD19927C-57B6-4432-9277-86FC76C94EFD}.Release|Any CPU.Build.0 = Release|Any CPU
		{72414FE3-7420-4CB3-A0FC-28531CFD32C0}.Debug|Any CPU.ActiveCfg = Debug|Any CPU
		{72414FE3-7420-4CB3-A0FC-28531CFD32C0}.Debug|Any CPU.Build.0 = Debug|Any CPU
		{72414FE3-7420-4CB3-A0FC-28531CFD32C0}.Release|Any CPU.ActiveCfg = Release|Any CPU
		{72414FE3-7420-4CB3-A0FC-28531CFD32C0}.Release|Any CPU.Build.0 = Release|Any CPU
		{7EFFE3E5-1D3C-4B39-A808-CEE764EB883D}.Debug|Any CPU.ActiveCfg = Debug|Any CPU
		{7EFFE3E5-1D3C-4B39-A808-CEE764EB883D}.Debug|Any CPU.Build.0 = Debug|Any CPU
		{7EFFE3E5-1D3C-4B39-A808-CEE764EB883D}.Release|Any CPU.ActiveCfg = Release|Any CPU
		{7EFFE3E5-1D3C-4B39-A808-CEE764EB883D}.Release|Any CPU.Build.0 = Release|Any CPU
		{7DD07A46-3204-4744-B933-91455FE9AD70}.Debug|Any CPU.ActiveCfg = Debug|Any CPU
		{7DD07A46-3204-4744-B933-91455FE9AD70}.Debug|Any CPU.Build.0 = Debug|Any CPU
		{7DD07A46-3204-4744-B933-91455FE9AD70}.Release|Any CPU.ActiveCfg = Release|Any CPU
		{7DD07A46-3204-4744-B933-91455FE9AD70}.Release|Any CPU.Build.0 = Release|Any CPU
		{76ECC532-1C2B-4F64-93B2-5D7AA386E29D}.Debug|Any CPU.ActiveCfg = Debug|Any CPU
		{76ECC532-1C2B-4F64-93B2-5D7AA386E29D}.Debug|Any CPU.Build.0 = Debug|Any CPU
		{76ECC532-1C2B-4F64-93B2-5D7AA386E29D}.Release|Any CPU.ActiveCfg = Release|Any CPU
		{76ECC532-1C2B-4F64-93B2-5D7AA386E29D}.Release|Any CPU.Build.0 = Release|Any CPU
		{321B529C-DC4B-4588-8894-F678A58260F2}.Debug|Any CPU.ActiveCfg = Debug|Any CPU
		{321B529C-DC4B-4588-8894-F678A58260F2}.Debug|Any CPU.Build.0 = Debug|Any CPU
		{321B529C-DC4B-4588-8894-F678A58260F2}.Release|Any CPU.ActiveCfg = Release|Any CPU
		{321B529C-DC4B-4588-8894-F678A58260F2}.Release|Any CPU.Build.0 = Release|Any CPU
		{91B360B7-0301-4E7F-8BE7-A5EB2F70BD2B}.Debug|Any CPU.ActiveCfg = Debug|Any CPU
		{91B360B7-0301-4E7F-8BE7-A5EB2F70BD2B}.Debug|Any CPU.Build.0 = Debug|Any CPU
		{91B360B7-0301-4E7F-8BE7-A5EB2F70BD2B}.Release|Any CPU.ActiveCfg = Release|Any CPU
		{91B360B7-0301-4E7F-8BE7-A5EB2F70BD2B}.Release|Any CPU.Build.0 = Release|Any CPU
		{40D4DE88-DBD6-46E2-8BD4-97ACAEAE826D}.Debug|Any CPU.ActiveCfg = Debug|Any CPU
		{40D4DE88-DBD6-46E2-8BD4-97ACAEAE826D}.Debug|Any CPU.Build.0 = Debug|Any CPU
		{40D4DE88-DBD6-46E2-8BD4-97ACAEAE826D}.Release|Any CPU.ActiveCfg = Release|Any CPU
		{40D4DE88-DBD6-46E2-8BD4-97ACAEAE826D}.Release|Any CPU.Build.0 = Release|Any CPU
		{3F931C49-C903-4359-89CF-0E98933FB751}.Debug|Any CPU.ActiveCfg = Debug|Any CPU
		{3F931C49-C903-4359-89CF-0E98933FB751}.Debug|Any CPU.Build.0 = Debug|Any CPU
		{3F931C49-C903-4359-89CF-0E98933FB751}.Release|Any CPU.ActiveCfg = Release|Any CPU
		{3F931C49-C903-4359-89CF-0E98933FB751}.Release|Any CPU.Build.0 = Release|Any CPU
		{6B3D1C63-8FF3-40D2-B970-8476A064A9FA}.Debug|Any CPU.ActiveCfg = Debug|Any CPU
		{6B3D1C63-8FF3-40D2-B970-8476A064A9FA}.Debug|Any CPU.Build.0 = Debug|Any CPU
		{6B3D1C63-8FF3-40D2-B970-8476A064A9FA}.Release|Any CPU.ActiveCfg = Release|Any CPU
		{6B3D1C63-8FF3-40D2-B970-8476A064A9FA}.Release|Any CPU.Build.0 = Release|Any CPU
		{595EA766-B4E3-4944-A538-710FDFBB4A92}.Debug|Any CPU.ActiveCfg = Debug|Any CPU
		{595EA766-B4E3-4944-A538-710FDFBB4A92}.Debug|Any CPU.Build.0 = Debug|Any CPU
		{595EA766-B4E3-4944-A538-710FDFBB4A92}.Release|Any CPU.ActiveCfg = Release|Any CPU
		{595EA766-B4E3-4944-A538-710FDFBB4A92}.Release|Any CPU.Build.0 = Release|Any CPU
		{A5D3E3B7-2601-40A8-87C7-E2D093551B3A}.Debug|Any CPU.ActiveCfg = Debug|Any CPU
		{A5D3E3B7-2601-40A8-87C7-E2D093551B3A}.Debug|Any CPU.Build.0 = Debug|Any CPU
		{A5D3E3B7-2601-40A8-87C7-E2D093551B3A}.Release|Any CPU.ActiveCfg = Release|Any CPU
		{A5D3E3B7-2601-40A8-87C7-E2D093551B3A}.Release|Any CPU.Build.0 = Release|Any CPU
		{0E109B1A-9757-4349-90DD-AC7A195635DD}.Debug|Any CPU.ActiveCfg = Debug|Any CPU
		{0E109B1A-9757-4349-90DD-AC7A195635DD}.Debug|Any CPU.Build.0 = Debug|Any CPU
		{0E109B1A-9757-4349-90DD-AC7A195635DD}.Release|Any CPU.ActiveCfg = Release|Any CPU
		{0E109B1A-9757-4349-90DD-AC7A195635DD}.Release|Any CPU.Build.0 = Release|Any CPU
		{DC000CB4-D818-4F3A-BFE6-5597373B0380}.Debug|Any CPU.ActiveCfg = Debug|Any CPU
		{DC000CB4-D818-4F3A-BFE6-5597373B0380}.Debug|Any CPU.Build.0 = Debug|Any CPU
		{DC000CB4-D818-4F3A-BFE6-5597373B0380}.Release|Any CPU.ActiveCfg = Release|Any CPU
		{DC000CB4-D818-4F3A-BFE6-5597373B0380}.Release|Any CPU.Build.0 = Release|Any CPU
		{A2E4BD3F-A3CA-4E24-9A33-295DEDAE09D8}.Debug|Any CPU.ActiveCfg = Debug|Any CPU
		{A2E4BD3F-A3CA-4E24-9A33-295DEDAE09D8}.Debug|Any CPU.Build.0 = Debug|Any CPU
		{A2E4BD3F-A3CA-4E24-9A33-295DEDAE09D8}.Release|Any CPU.ActiveCfg = Release|Any CPU
		{A2E4BD3F-A3CA-4E24-9A33-295DEDAE09D8}.Release|Any CPU.Build.0 = Release|Any CPU
		{CA886355-F00D-4410-9D00-60101984328B}.Debug|Any CPU.ActiveCfg = Debug|Any CPU
		{CA886355-F00D-4410-9D00-60101984328B}.Debug|Any CPU.Build.0 = Debug|Any CPU
		{CA886355-F00D-4410-9D00-60101984328B}.Release|Any CPU.ActiveCfg = Release|Any CPU
		{CA886355-F00D-4410-9D00-60101984328B}.Release|Any CPU.Build.0 = Release|Any CPU
		{833C4F7D-B713-4F34-A1FF-3C2754615598}.Debug|Any CPU.ActiveCfg = Debug|Any CPU
		{833C4F7D-B713-4F34-A1FF-3C2754615598}.Debug|Any CPU.Build.0 = Debug|Any CPU
		{833C4F7D-B713-4F34-A1FF-3C2754615598}.Release|Any CPU.ActiveCfg = Release|Any CPU
		{833C4F7D-B713-4F34-A1FF-3C2754615598}.Release|Any CPU.Build.0 = Release|Any CPU
		{E38BE715-3143-4244-9B41-54F05CA583ED}.Debug|Any CPU.ActiveCfg = Debug|Any CPU
		{E38BE715-3143-4244-9B41-54F05CA583ED}.Debug|Any CPU.Build.0 = Debug|Any CPU
		{E38BE715-3143-4244-9B41-54F05CA583ED}.Release|Any CPU.ActiveCfg = Release|Any CPU
		{E38BE715-3143-4244-9B41-54F05CA583ED}.Release|Any CPU.Build.0 = Release|Any CPU
		{25EF450B-8749-4270-AEA7-F0F2A1BBBB02}.Debug|Any CPU.ActiveCfg = Debug|Any CPU
		{25EF450B-8749-4270-AEA7-F0F2A1BBBB02}.Debug|Any CPU.Build.0 = Debug|Any CPU
		{25EF450B-8749-4270-AEA7-F0F2A1BBBB02}.Release|Any CPU.ActiveCfg = Release|Any CPU
		{25EF450B-8749-4270-AEA7-F0F2A1BBBB02}.Release|Any CPU.Build.0 = Release|Any CPU
		{A80F46FB-BC2A-4BC5-A690-E7D6291A3008}.Debug|Any CPU.ActiveCfg = Debug|Any CPU
		{A80F46FB-BC2A-4BC5-A690-E7D6291A3008}.Debug|Any CPU.Build.0 = Debug|Any CPU
		{A80F46FB-BC2A-4BC5-A690-E7D6291A3008}.Release|Any CPU.ActiveCfg = Release|Any CPU
		{A80F46FB-BC2A-4BC5-A690-E7D6291A3008}.Release|Any CPU.Build.0 = Release|Any CPU
		{F8E672FE-7DFF-4913-94E2-0308E5181B50}.Debug|Any CPU.ActiveCfg = Debug|Any CPU
		{F8E672FE-7DFF-4913-94E2-0308E5181B50}.Debug|Any CPU.Build.0 = Debug|Any CPU
		{F8E672FE-7DFF-4913-94E2-0308E5181B50}.Release|Any CPU.ActiveCfg = Release|Any CPU
		{F8E672FE-7DFF-4913-94E2-0308E5181B50}.Release|Any CPU.Build.0 = Release|Any CPU
	EndGlobalSection
	GlobalSection(SolutionProperties) = preSolution
		HideSolutionNode = FALSE
	EndGlobalSection
EndGlobal
