
Microsoft Visual Studio Solution File, Format Version 12.00
# Visual Studio 2012
Project("{FAE04EC0-301F-11D3-BF4B-00C04F79EFBC}") = "Telephone", "Telephone\Telephone.csproj", "{A1BA3DE1-7735-4A68-B27B-884E2C6CDB62}"
EndProject
Global
	GlobalSection(SolutionConfigurationPlatforms) = preSolution
		Debug|Any CPU = Debug|Any CPU
		Release|Any CPU = Release|Any CPU
	EndGlobalSection
	GlobalSection(ProjectConfigurationPlatforms) = postSolution
		{A1BA3DE1-7735-4A68-B27B-884E2C6CDB62}.Debug|Any CPU.ActiveCfg = Debug|Any CPU
		{A1BA3DE1-7735-4A68-B27B-884E2C6CDB62}.Debug|Any CPU.Build.0 = Debug|Any CPU
		{A1BA3DE1-7735-4A68-B27B-884E2C6CDB62}.Release|Any CPU.ActiveCfg = Release|Any CPU
		{A1BA3DE1-7735-4A68-B27B-884E2C6CDB62}.Release|Any CPU.Build.0 = Release|Any CPU
	EndGlobalSection
	GlobalSection(SolutionProperties) = preSolution
		HideSolutionNode = FALSE
	EndGlobalSection
EndGlobal
